// !$*UTF8*$!
{
	archiveVersion = 1;
	classes = {
	};
	objectVersion = 50;
	objects = {

/* Begin PBXBuildFile section */
		330B1CF12127CAC60095BE46 /* BaseCollectioViewController.swift in Sources */ = {isa = PBXBuildFile; fileRef = 330B1CF02127CAC60095BE46 /* BaseCollectioViewController.swift */; };
		334E082E213680F500432061 /* BaseViewController.swift in Sources */ = {isa = PBXBuildFile; fileRef = 334E082D213680F500432061 /* BaseViewController.swift */; };
		334E083A2136869D00432061 /* ZCWebViewController.swift in Sources */ = {isa = PBXBuildFile; fileRef = 334E08392136869D00432061 /* ZCWebViewController.swift */; };
		334E083C21368B9200432061 /* BaseImageAutoScrollViewController.swift in Sources */ = {isa = PBXBuildFile; fileRef = 334E083B21368B9200432061 /* BaseImageAutoScrollViewController.swift */; };
		334E083E2136979800432061 /* PictureAutoSubTableViewController.swift in Sources */ = {isa = PBXBuildFile; fileRef = 334E083D2136979800432061 /* PictureAutoSubTableViewController.swift */; };
		334E086021391D4400432061 /* BaseMainScrollViewController.swift in Sources */ = {isa = PBXBuildFile; fileRef = 334E085F21391D4300432061 /* BaseMainScrollViewController.swift */; };
		334E086221391D9F00432061 /* BaseMainContainerViewCell.swift in Sources */ = {isa = PBXBuildFile; fileRef = 334E086121391D9F00432061 /* BaseMainContainerViewCell.swift */; };
		AA072ADE20EF4C2D00C524C6 /* image0.jpg in Resources */ = {isa = PBXBuildFile; fileRef = AA072ADD20EF4C2D00C524C6 /* image0.jpg */; };
		AA072AE220EF4D3E00C524C6 /* VideoViewController.swift in Sources */ = {isa = PBXBuildFile; fileRef = AA072AE120EF4D3E00C524C6 /* VideoViewController.swift */; };
		AA072AE720EF4FFC00C524C6 /* PictureAutoScrollView.swift in Sources */ = {isa = PBXBuildFile; fileRef = AA072AE620EF4FFC00C524C6 /* PictureAutoScrollView.swift */; };
		AA57976320F3677600BA58E0 /* image1.jpg in Resources */ = {isa = PBXBuildFile; fileRef = AA57976020F3677600BA58E0 /* image1.jpg */; };
		AA57976420F3677600BA58E0 /* image2.jpg in Resources */ = {isa = PBXBuildFile; fileRef = AA57976120F3677600BA58E0 /* image2.jpg */; };
		AA57976520F3677600BA58E0 /* image3.jpg in Resources */ = {isa = PBXBuildFile; fileRef = AA57976220F3677600BA58E0 /* image3.jpg */; };
		AA83DEFF20DCCB0D00689412 /* AppDelegate.m in Sources */ = {isa = PBXBuildFile; fileRef = AA83DEFE20DCCB0D00689412 /* AppDelegate.m */; };
		AA83DF0520DCCB0D00689412 /* Main.storyboard in Resources */ = {isa = PBXBuildFile; fileRef = AA83DF0320DCCB0D00689412 /* Main.storyboard */; };
		AA83DF0720DCCB0F00689412 /* Assets.xcassets in Resources */ = {isa = PBXBuildFile; fileRef = AA83DF0620DCCB0F00689412 /* Assets.xcassets */; };
		AA83DF0A20DCCB0F00689412 /* LaunchScreen.storyboard in Resources */ = {isa = PBXBuildFile; fileRef = AA83DF0820DCCB0F00689412 /* LaunchScreen.storyboard */; };
		AA83DF0D20DCCB0F00689412 /* main.m in Sources */ = {isa = PBXBuildFile; fileRef = AA83DF0C20DCCB0F00689412 /* main.m */; };
		AACA18D920E9C2DB000399FE /* BaseTableView.swift in Sources */ = {isa = PBXBuildFile; fileRef = AACA18D820E9C2DB000399FE /* BaseTableView.swift */; };
		AACA18E520E9F750000399FE /* StartViewController.swift in Sources */ = {isa = PBXBuildFile; fileRef = AACA18E420E9F750000399FE /* StartViewController.swift */; };
		D2972B46F3137FD507E59F39 /* libPods-ScrollViewTest.a in Frameworks */ = {isa = PBXBuildFile; fileRef = 22508274AD0886F2A2AF41F2 /* libPods-ScrollViewTest.a */; };
/* End PBXBuildFile section */

/* Begin PBXFileReference section */
		22508274AD0886F2A2AF41F2 /* libPods-ScrollViewTest.a */ = {isa = PBXFileReference; explicitFileType = archive.ar; includeInIndex = 0; path = "libPods-ScrollViewTest.a"; sourceTree = BUILT_PRODUCTS_DIR; };
		330B1CF02127CAC60095BE46 /* BaseCollectioViewController.swift */ = {isa = PBXFileReference; fileEncoding = 4; lastKnownFileType = sourcecode.swift; path = BaseCollectioViewController.swift; sourceTree = "<group>"; };
		334E082D213680F500432061 /* BaseViewController.swift */ = {isa = PBXFileReference; lastKnownFileType = sourcecode.swift; path = BaseViewController.swift; sourceTree = "<group>"; };
		334E08392136869D00432061 /* ZCWebViewController.swift */ = {isa = PBXFileReference; lastKnownFileType = sourcecode.swift; path = ZCWebViewController.swift; sourceTree = "<group>"; };
		334E083B21368B9200432061 /* BaseImageAutoScrollViewController.swift */ = {isa = PBXFileReference; lastKnownFileType = sourcecode.swift; path = BaseImageAutoScrollViewController.swift; sourceTree = "<group>"; };
		334E083D2136979800432061 /* PictureAutoSubTableViewController.swift */ = {isa = PBXFileReference; fileEncoding = 4; lastKnownFileType = sourcecode.swift; path = PictureAutoSubTableViewController.swift; sourceTree = "<group>"; };
		334E085F21391D4300432061 /* BaseMainScrollViewController.swift */ = {isa = PBXFileReference; fileEncoding = 4; lastKnownFileType = sourcecode.swift; path = BaseMainScrollViewController.swift; sourceTree = "<group>"; };
		334E086121391D9F00432061 /* BaseMainContainerViewCell.swift */ = {isa = PBXFileReference; lastKnownFileType = sourcecode.swift; path = BaseMainContainerViewCell.swift; sourceTree = "<group>"; };
		3B8AE673B212ECCDC52916BD /* Pods-ScrollViewTest.debug.xcconfig */ = {isa = PBXFileReference; includeInIndex = 1; lastKnownFileType = text.xcconfig; name = "Pods-ScrollViewTest.debug.xcconfig"; path = "Pods/Target Support Files/Pods-ScrollViewTest/Pods-ScrollViewTest.debug.xcconfig"; sourceTree = "<group>"; };
		5275B1AD81FC0BA22C55EABA /* Pods-ScrollViewTest.release.xcconfig */ = {isa = PBXFileReference; includeInIndex = 1; lastKnownFileType = text.xcconfig; name = "Pods-ScrollViewTest.release.xcconfig"; path = "Pods/Target Support Files/Pods-ScrollViewTest/Pods-ScrollViewTest.release.xcconfig"; sourceTree = "<group>"; };
		AA072ADD20EF4C2D00C524C6 /* image0.jpg */ = {isa = PBXFileReference; lastKnownFileType = image.jpeg; path = image0.jpg; sourceTree = "<group>"; };
		AA072AE120EF4D3E00C524C6 /* VideoViewController.swift */ = {isa = PBXFileReference; lastKnownFileType = sourcecode.swift; path = VideoViewController.swift; sourceTree = "<group>"; };
		AA072AE620EF4FFC00C524C6 /* PictureAutoScrollView.swift */ = {isa = PBXFileReference; lastKnownFileType = sourcecode.swift; path = PictureAutoScrollView.swift; sourceTree = "<group>"; };
		AA57976020F3677600BA58E0 /* image1.jpg */ = {isa = PBXFileReference; lastKnownFileType = image.jpeg; path = image1.jpg; sourceTree = "<group>"; };
		AA57976120F3677600BA58E0 /* image2.jpg */ = {isa = PBXFileReference; lastKnownFileType = image.jpeg; path = image2.jpg; sourceTree = "<group>"; };
		AA57976220F3677600BA58E0 /* image3.jpg */ = {isa = PBXFileReference; lastKnownFileType = image.jpeg; path = image3.jpg; sourceTree = "<group>"; };
		AA83DEFA20DCCB0D00689412 /* ScrollViewTest.app */ = {isa = PBXFileReference; explicitFileType = wrapper.application; includeInIndex = 0; path = ScrollViewTest.app; sourceTree = BUILT_PRODUCTS_DIR; };
		AA83DEFD20DCCB0D00689412 /* AppDelegate.h */ = {isa = PBXFileReference; lastKnownFileType = sourcecode.c.h; path = AppDelegate.h; sourceTree = "<group>"; };
		AA83DEFE20DCCB0D00689412 /* AppDelegate.m */ = {isa = PBXFileReference; lastKnownFileType = sourcecode.c.objc; path = AppDelegate.m; sourceTree = "<group>"; };
		AA83DF0420DCCB0D00689412 /* Base */ = {isa = PBXFileReference; lastKnownFileType = file.storyboard; name = Base; path = Base.lproj/Main.storyboard; sourceTree = "<group>"; };
		AA83DF0620DCCB0F00689412 /* Assets.xcassets */ = {isa = PBXFileReference; lastKnownFileType = folder.assetcatalog; path = Assets.xcassets; sourceTree = "<group>"; };
		AA83DF0920DCCB0F00689412 /* Base */ = {isa = PBXFileReference; lastKnownFileType = file.storyboard; name = Base; path = Base.lproj/LaunchScreen.storyboard; sourceTree = "<group>"; };
		AA83DF0B20DCCB0F00689412 /* Info.plist */ = {isa = PBXFileReference; lastKnownFileType = text.plist.xml; path = Info.plist; sourceTree = "<group>"; };
		AA83DF0C20DCCB0F00689412 /* main.m */ = {isa = PBXFileReference; lastKnownFileType = sourcecode.c.objc; path = main.m; sourceTree = "<group>"; };
		AA83DF1320DCCB6500689412 /* ScrollViewTest-Bridging-Header.h */ = {isa = PBXFileReference; lastKnownFileType = sourcecode.c.h; path = "ScrollViewTest-Bridging-Header.h"; sourceTree = "<group>"; };
		AACA18D820E9C2DB000399FE /* BaseTableView.swift */ = {isa = PBXFileReference; lastKnownFileType = sourcecode.swift; path = BaseTableView.swift; sourceTree = "<group>"; };
		AACA18E420E9F750000399FE /* StartViewController.swift */ = {isa = PBXFileReference; lastKnownFileType = sourcecode.swift; path = StartViewController.swift; sourceTree = "<group>"; };
/* End PBXFileReference section */

/* Begin PBXFrameworksBuildPhase section */
		AA83DEF720DCCB0D00689412 /* Frameworks */ = {
			isa = PBXFrameworksBuildPhase;
			buildActionMask = 2147483647;
			files = (
				D2972B46F3137FD507E59F39 /* libPods-ScrollViewTest.a in Frameworks */,
			);
			runOnlyForDeploymentPostprocessing = 0;
		};
/* End PBXFrameworksBuildPhase section */

/* Begin PBXGroup section */
		39756FC91396F6540989A295 /* Frameworks */ = {
			isa = PBXGroup;
			children = (
				22508274AD0886F2A2AF41F2 /* libPods-ScrollViewTest.a */,
			);
			name = Frameworks;
			sourceTree = "<group>";
		};
		97D7D4EFF58C6359CA866444 /* Pods */ = {
			isa = PBXGroup;
			children = (
				3B8AE673B212ECCDC52916BD /* Pods-ScrollViewTest.debug.xcconfig */,
				5275B1AD81FC0BA22C55EABA /* Pods-ScrollViewTest.release.xcconfig */,
			);
			name = Pods;
			sourceTree = "<group>";
		};
		AA0729F320EA045600C524C6 /* BaseScrollView */ = {
			isa = PBXGroup;
			children = (
				330B1CF02127CAC60095BE46 /* BaseCollectioViewController.swift */,
				334E085F21391D4300432061 /* BaseMainScrollViewController.swift */,
				334E086121391D9F00432061 /* BaseMainContainerViewCell.swift */,
				AACA18D820E9C2DB000399FE /* BaseTableView.swift */,
				334E082D213680F500432061 /* BaseViewController.swift */,
			);
			path = BaseScrollView;
			sourceTree = "<group>";
		};
		AA0729F420EA049000C524C6 /* Resource */ = {
			isa = PBXGroup;
			children = (
				AA83DF0B20DCCB0F00689412 /* Info.plist */,
				AA072ADD20EF4C2D00C524C6 /* image0.jpg */,
				AA57976020F3677600BA58E0 /* image1.jpg */,
				AA57976120F3677600BA58E0 /* image2.jpg */,
				AA57976220F3677600BA58E0 /* image3.jpg */,
				AA83DF0820DCCB0F00689412 /* LaunchScreen.storyboard */,
				AA83DF0320DCCB0D00689412 /* Main.storyboard */,
				AA83DF0620DCCB0F00689412 /* Assets.xcassets */,
			);
			path = Resource;
			sourceTree = "<group>";
		};
		AA0729F520EA04DB00C524C6 /* Appdelegate */ = {
			isa = PBXGroup;
			children = (
				AA83DEFD20DCCB0D00689412 /* AppDelegate.h */,
				AA83DEFE20DCCB0D00689412 /* AppDelegate.m */,
			);
			path = Appdelegate;
			sourceTree = "<group>";
		};
		AA072AE020EF4D1500C524C6 /* VideoScrollView */ = {
			isa = PBXGroup;
			children = (
				AA072AE120EF4D3E00C524C6 /* VideoViewController.swift */,
			);
			path = VideoScrollView;
			sourceTree = "<group>";
		};
		AA072AE320EF4FA400C524C6 /* PictureAutoScroll */ = {
			isa = PBXGroup;
			children = (
				334E083B21368B9200432061 /* BaseImageAutoScrollViewController.swift */,
				AA072AE620EF4FFC00C524C6 /* PictureAutoScrollView.swift */,
			);
			path = PictureAutoScroll;
			sourceTree = "<group>";
		};
		AA83DEF120DCCB0D00689412 = {
			isa = PBXGroup;
			children = (
				AA83DEFB20DCCB0D00689412 /* Products */,
				AA83DEFC20DCCB0D00689412 /* ScrollViewTest */,
				97D7D4EFF58C6359CA866444 /* Pods */,
				39756FC91396F6540989A295 /* Frameworks */,
			);
			sourceTree = "<group>";
		};
		AA83DEFB20DCCB0D00689412 /* Products */ = {
			isa = PBXGroup;
			children = (
				AA83DEFA20DCCB0D00689412 /* ScrollViewTest.app */,
			);
			name = Products;
			sourceTree = "<group>";
		};
		AA83DEFC20DCCB0D00689412 /* ScrollViewTest */ = {
			isa = PBXGroup;
			children = (
				AA072AE320EF4FA400C524C6 /* PictureAutoScroll */,
				AA0729F520EA04DB00C524C6 /* Appdelegate */,
				AA0729F320EA045600C524C6 /* BaseScrollView */,
				AA83DF0C20DCCB0F00689412 /* main.m */,
				AA0729F420EA049000C524C6 /* Resource */,
				AA83DF1320DCCB6500689412 /* ScrollViewTest-Bridging-Header.h */,
				AACA18E420E9F750000399FE /* StartViewController.swift */,
				AA072AE020EF4D1500C524C6 /* VideoScrollView */,
				334E08392136869D00432061 /* ZCWebViewController.swift */,
				334E083D2136979800432061 /* PictureAutoSubTableViewController.swift */,
			);
			path = ScrollViewTest;
			sourceTree = "<group>";
		};
/* End PBXGroup section */

/* Begin PBXNativeTarget section */
		AA83DEF920DCCB0D00689412 /* ScrollViewTest */ = {
			isa = PBXNativeTarget;
			buildConfigurationList = AA83DF1020DCCB0F00689412 /* Build configuration list for PBXNativeTarget "ScrollViewTest" */;
			buildPhases = (
				25A1D90D29949EBF1852219E /* [CP] Check Pods Manifest.lock */,
				AA83DEF620DCCB0D00689412 /* Sources */,
				AA83DEF720DCCB0D00689412 /* Frameworks */,
				AA83DEF820DCCB0D00689412 /* Resources */,
				CB3E241F9343860BEE867372 /* [CP] Copy Pods Resources */,
			);
			buildRules = (
			);
			dependencies = (
			);
			name = ScrollViewTest;
			productName = ScrollViewTest;
			productReference = AA83DEFA20DCCB0D00689412 /* ScrollViewTest.app */;
			productType = "com.apple.product-type.application";
		};
/* End PBXNativeTarget section */

/* Begin PBXProject section */
		AA83DEF220DCCB0D00689412 /* Project object */ = {
			isa = PBXProject;
			attributes = {
				LastUpgradeCheck = 0940;
				ORGANIZATIONNAME = for_minho;
				TargetAttributes = {
					AA83DEF920DCCB0D00689412 = {
						CreatedOnToolsVersion = 9.4.1;
						LastSwiftMigration = 0940;
					};
				};
			};
			buildConfigurationList = AA83DEF520DCCB0D00689412 /* Build configuration list for PBXProject "ScrollViewTest" */;
			compatibilityVersion = "Xcode 9.3";
			developmentRegion = en;
			hasScannedForEncodings = 0;
			knownRegions = (
				en,
				Base,
			);
			mainGroup = AA83DEF120DCCB0D00689412;
			productRefGroup = AA83DEFB20DCCB0D00689412 /* Products */;
			projectDirPath = "";
			projectRoot = "";
			targets = (
				AA83DEF920DCCB0D00689412 /* ScrollViewTest */,
			);
		};
/* End PBXProject section */

/* Begin PBXResourcesBuildPhase section */
		AA83DEF820DCCB0D00689412 /* Resources */ = {
			isa = PBXResourcesBuildPhase;
			buildActionMask = 2147483647;
			files = (
				AA83DF0A20DCCB0F00689412 /* LaunchScreen.storyboard in Resources */,
				AA57976320F3677600BA58E0 /* image1.jpg in Resources */,
				AA57976520F3677600BA58E0 /* image3.jpg in Resources */,
				AA57976420F3677600BA58E0 /* image2.jpg in Resources */,
				AA83DF0720DCCB0F00689412 /* Assets.xcassets in Resources */,
				AA072ADE20EF4C2D00C524C6 /* image0.jpg in Resources */,
				AA83DF0520DCCB0D00689412 /* Main.storyboard in Resources */,
			);
			runOnlyForDeploymentPostprocessing = 0;
		};
/* End PBXResourcesBuildPhase section */

/* Begin PBXShellScriptBuildPhase section */
		25A1D90D29949EBF1852219E /* [CP] Check Pods Manifest.lock */ = {
			isa = PBXShellScriptBuildPhase;
			buildActionMask = 2147483647;
			files = (
			);
			inputPaths = (
				"${PODS_PODFILE_DIR_PATH}/Podfile.lock",
				"${PODS_ROOT}/Manifest.lock",
			);
			name = "[CP] Check Pods Manifest.lock";
			outputPaths = (
				"$(DERIVED_FILE_DIR)/Pods-ScrollViewTest-checkManifestLockResult.txt",
			);
			runOnlyForDeploymentPostprocessing = 0;
			shellPath = /bin/sh;
			shellScript = "diff \"${PODS_PODFILE_DIR_PATH}/Podfile.lock\" \"${PODS_ROOT}/Manifest.lock\" > /dev/null\nif [ $? != 0 ] ; then\n    # print error to STDERR\n    echo \"error: The sandbox is not in sync with the Podfile.lock. Run 'pod install' or update your CocoaPods installation.\" >&2\n    exit 1\nfi\n# This output is used by Xcode 'outputs' to avoid re-running this script phase.\necho \"SUCCESS\" > \"${SCRIPT_OUTPUT_FILE_0}\"\n";
			showEnvVarsInLog = 0;
		};
		CB3E241F9343860BEE867372 /* [CP] Copy Pods Resources */ = {
			isa = PBXShellScriptBuildPhase;
			buildActionMask = 2147483647;
			files = (
			);
			inputPaths = (
				"${SRCROOT}/Pods/Target Support Files/Pods-ScrollViewTest/Pods-ScrollViewTest-resources.sh",
				"${PODS_ROOT}/MJRefresh/MJRefresh/MJRefresh.bundle",
			);
			name = "[CP] Copy Pods Resources";
			outputPaths = (
				"${TARGET_BUILD_DIR}/${UNLOCALIZED_RESOURCES_FOLDER_PATH}/MJRefresh.bundle",
			);
			runOnlyForDeploymentPostprocessing = 0;
			shellPath = /bin/sh;
			shellScript = "\"${SRCROOT}/Pods/Target Support Files/Pods-ScrollViewTest/Pods-ScrollViewTest-resources.sh\"\n";
			showEnvVarsInLog = 0;
		};
/* End PBXShellScriptBuildPhase section */

/* Begin PBXSourcesBuildPhase section */
		AA83DEF620DCCB0D00689412 /* Sources */ = {
			isa = PBXSourcesBuildPhase;
			buildActionMask = 2147483647;
			files = (
				334E083A2136869D00432061 /* ZCWebViewController.swift in Sources */,
				334E083C21368B9200432061 /* BaseImageAutoScrollViewController.swift in Sources */,
				334E086021391D4400432061 /* BaseMainScrollViewController.swift in Sources */,
				AA072AE220EF4D3E00C524C6 /* VideoViewController.swift in Sources */,
				AA83DF0D20DCCB0F00689412 /* main.m in Sources */,
				330B1CF12127CAC60095BE46 /* BaseCollectioViewController.swift in Sources */,
				334E082E213680F500432061 /* BaseViewController.swift in Sources */,
				AA83DEFF20DCCB0D00689412 /* AppDelegate.m in Sources */,
				AACA18D920E9C2DB000399FE /* BaseTableView.swift in Sources */,
				334E086221391D9F00432061 /* BaseMainContainerViewCell.swift in Sources */,
				334E083E2136979800432061 /* PictureAutoSubTableViewController.swift in Sources */,
				AACA18E520E9F750000399FE /* StartViewController.swift in Sources */,
				AA072AE720EF4FFC00C524C6 /* PictureAutoScrollView.swift in Sources */,
			);
			runOnlyForDeploymentPostprocessing = 0;
		};
/* End PBXSourcesBuildPhase section */

/* Begin PBXVariantGroup section */
		AA83DF0320DCCB0D00689412 /* Main.storyboard */ = {
			isa = PBXVariantGroup;
			children = (
				AA83DF0420DCCB0D00689412 /* Base */,
			);
			name = Main.storyboard;
			sourceTree = "<group>";
		};
		AA83DF0820DCCB0F00689412 /* LaunchScreen.storyboard */ = {
			isa = PBXVariantGroup;
			children = (
				AA83DF0920DCCB0F00689412 /* Base */,
			);
			name = LaunchScreen.storyboard;
			sourceTree = "<group>";
		};
/* End PBXVariantGroup section */

/* Begin XCBuildConfiguration section */
		AA83DF0E20DCCB0F00689412 /* Debug */ = {
			isa = XCBuildConfiguration;
			buildSettings = {
				ALWAYS_SEARCH_USER_PATHS = NO;
				CLANG_ANALYZER_NONNULL = YES;
				CLANG_ANALYZER_NUMBER_OBJECT_CONVERSION = YES_AGGRESSIVE;
				CLANG_CXX_LANGUAGE_STANDARD = "gnu++14";
				CLANG_CXX_LIBRARY = "libc++";
				CLANG_ENABLE_MODULES = YES;
				CLANG_ENABLE_OBJC_ARC = YES;
				CLANG_ENABLE_OBJC_WEAK = YES;
				CLANG_WARN_BLOCK_CAPTURE_AUTORELEASING = YES;
				CLANG_WARN_BOOL_CONVERSION = YES;
				CLANG_WARN_COMMA = YES;
				CLANG_WARN_CONSTANT_CONVERSION = YES;
				CLANG_WARN_DEPRECATED_OBJC_IMPLEMENTATIONS = YES;
				CLANG_WARN_DIRECT_OBJC_ISA_USAGE = YES_ERROR;
				CLANG_WARN_DOCUMENTATION_COMMENTS = YES;
				CLANG_WARN_EMPTY_BODY = YES;
				CLANG_WARN_ENUM_CONVERSION = YES;
				CLANG_WARN_INFINITE_RECURSION = YES;
				CLANG_WARN_INT_CONVERSION = YES;
				CLANG_WARN_NON_LITERAL_NULL_CONVERSION = YES;
				CLANG_WARN_OBJC_IMPLICIT_RETAIN_SELF = YES;
				CLANG_WARN_OBJC_LITERAL_CONVERSION = YES;
				CLANG_WARN_OBJC_ROOT_CLASS = YES_ERROR;
				CLANG_WARN_RANGE_LOOP_ANALYSIS = YES;
				CLANG_WARN_STRICT_PROTOTYPES = YES;
				CLANG_WARN_SUSPICIOUS_MOVE = YES;
				CLANG_WARN_UNGUARDED_AVAILABILITY = YES_AGGRESSIVE;
				CLANG_WARN_UNREACHABLE_CODE = YES;
				CLANG_WARN__DUPLICATE_METHOD_MATCH = YES;
				CODE_SIGN_IDENTITY = "iPhone Developer";
				COPY_PHASE_STRIP = NO;
				DEBUG_INFORMATION_FORMAT = dwarf;
				ENABLE_STRICT_OBJC_MSGSEND = YES;
				ENABLE_TESTABILITY = YES;
				GCC_C_LANGUAGE_STANDARD = gnu11;
				GCC_DYNAMIC_NO_PIC = NO;
				GCC_NO_COMMON_BLOCKS = YES;
				GCC_OPTIMIZATION_LEVEL = 0;
				GCC_PREPROCESSOR_DEFINITIONS = (
					"DEBUG=1",
					"$(inherited)",
				);
				GCC_WARN_64_TO_32_BIT_CONVERSION = YES;
				GCC_WARN_ABOUT_RETURN_TYPE = YES_ERROR;
				GCC_WARN_UNDECLARED_SELECTOR = YES;
				GCC_WARN_UNINITIALIZED_AUTOS = YES_AGGRESSIVE;
				GCC_WARN_UNUSED_FUNCTION = YES;
				GCC_WARN_UNUSED_VARIABLE = YES;
				IPHONEOS_DEPLOYMENT_TARGET = 11.4;
				MTL_ENABLE_DEBUG_INFO = YES;
				ONLY_ACTIVE_ARCH = YES;
				SDKROOT = iphoneos;
			};
			name = Debug;
		};
		AA83DF0F20DCCB0F00689412 /* Release */ = {
			isa = XCBuildConfiguration;
			buildSettings = {
				ALWAYS_SEARCH_USER_PATHS = NO;
				CLANG_ANALYZER_NONNULL = YES;
				CLANG_ANALYZER_NUMBER_OBJECT_CONVERSION = YES_AGGRESSIVE;
				CLANG_CXX_LANGUAGE_STANDARD = "gnu++14";
				CLANG_CXX_LIBRARY = "libc++";
				CLANG_ENABLE_MODULES = YES;
				CLANG_ENABLE_OBJC_ARC = YES;
				CLANG_ENABLE_OBJC_WEAK = YES;
				CLANG_WARN_BLOCK_CAPTURE_AUTORELEASING = YES;
				CLANG_WARN_BOOL_CONVERSION = YES;
				CLANG_WARN_COMMA = YES;
				CLANG_WARN_CONSTANT_CONVERSION = YES;
				CLANG_WARN_DEPRECATED_OBJC_IMPLEMENTATIONS = YES;
				CLANG_WARN_DIRECT_OBJC_ISA_USAGE = YES_ERROR;
				CLANG_WARN_DOCUMENTATION_COMMENTS = YES;
				CLANG_WARN_EMPTY_BODY = YES;
				CLANG_WARN_ENUM_CONVERSION = YES;
				CLANG_WARN_INFINITE_RECURSION = YES;
				CLANG_WARN_INT_CONVERSION = YES;
				CLANG_WARN_NON_LITERAL_NULL_CONVERSION = YES;
				CLANG_WARN_OBJC_IMPLICIT_RETAIN_SELF = YES;
				CLANG_WARN_OBJC_LITERAL_CONVERSION = YES;
				CLANG_WARN_OBJC_ROOT_CLASS = YES_ERROR;
				CLANG_WARN_RANGE_LOOP_ANALYSIS = YES;
				CLANG_WARN_STRICT_PROTOTYPES = YES;
				CLANG_WARN_SUSPICIOUS_MOVE = YES;
				CLANG_WARN_UNGUARDED_AVAILABILITY = YES_AGGRESSIVE;
				CLANG_WARN_UNREACHABLE_CODE = YES;
				CLANG_WARN__DUPLICATE_METHOD_MATCH = YES;
				CODE_SIGN_IDENTITY = "iPhone Developer";
				COPY_PHASE_STRIP = NO;
				DEBUG_INFORMATION_FORMAT = "dwarf-with-dsym";
				ENABLE_NS_ASSERTIONS = NO;
				ENABLE_STRICT_OBJC_MSGSEND = YES;
				GCC_C_LANGUAGE_STANDARD = gnu11;
				GCC_NO_COMMON_BLOCKS = YES;
				GCC_WARN_64_TO_32_BIT_CONVERSION = YES;
				GCC_WARN_ABOUT_RETURN_TYPE = YES_ERROR;
				GCC_WARN_UNDECLARED_SELECTOR = YES;
				GCC_WARN_UNINITIALIZED_AUTOS = YES_AGGRESSIVE;
				GCC_WARN_UNUSED_FUNCTION = YES;
				GCC_WARN_UNUSED_VARIABLE = YES;
				IPHONEOS_DEPLOYMENT_TARGET = 11.4;
				MTL_ENABLE_DEBUG_INFO = NO;
				SDKROOT = iphoneos;
				VALIDATE_PRODUCT = YES;
			};
			name = Release;
		};
		AA83DF1120DCCB0F00689412 /* Debug */ = {
			isa = XCBuildConfiguration;
			baseConfigurationReference = 3B8AE673B212ECCDC52916BD /* Pods-ScrollViewTest.debug.xcconfig */;
			buildSettings = {
				ASSETCATALOG_COMPILER_APPICON_NAME = AppIcon;
				CLANG_ENABLE_MODULES = YES;
				CODE_SIGN_STYLE = Manual;
				DEVELOPMENT_TEAM = PTPAY3S3JM;
				INFOPLIST_FILE = ScrollViewTest/Resource/Info.plist;
				IPHONEOS_DEPLOYMENT_TARGET = 11.0;
				LD_RUNPATH_SEARCH_PATHS = (
					"$(inherited)",
					"@executable_path/Frameworks",
				);
				PRODUCT_BUNDLE_IDENTIFIER = com.cisco.spark.shanghai;
				PRODUCT_NAME = "$(TARGET_NAME)";
				PROVISIONING_PROFILE = "0a53b586-84c3-4278-a6a6-e86f7743195e";
				PROVISIONING_PROFILE_SPECIFIER = "Spark Shanghai iOS";
				SWIFT_OBJC_BRIDGING_HEADER = "ScrollViewTest/ScrollViewTest-Bridging-Header.h";
				SWIFT_OPTIMIZATION_LEVEL = "-Onone";
				SWIFT_VERSION = 4.0;
				TARGETED_DEVICE_FAMILY = "1,2";
			};
			name = Debug;
		};
		AA83DF1220DCCB0F00689412 /* Release */ = {
			isa = XCBuildConfiguration;
			baseConfigurationReference = 5275B1AD81FC0BA22C55EABA /* Pods-ScrollViewTest.release.xcconfig */;
			buildSettings = {
				ASSETCATALOG_COMPILER_APPICON_NAME = AppIcon;
				CLANG_ENABLE_MODULES = YES;
				CODE_SIGN_STYLE = Manual;
				DEVELOPMENT_TEAM = PTPAY3S3JM;
				INFOPLIST_FILE = ScrollViewTest/Resource/Info.plist;
				IPHONEOS_DEPLOYMENT_TARGET = 11.0;
				LD_RUNPATH_SEARCH_PATHS = (
					"$(inherited)",
					"@executable_path/Frameworks",
				);
				PRODUCT_BUNDLE_IDENTIFIER = com.cisco.spark.shanghai;
				PRODUCT_NAME = "$(TARGET_NAME)";
				PROVISIONING_PROFILE = "203ddf81-2fda-4cba-a1fe-64da7c400aaf";
				PROVISIONING_PROFILE_SPECIFIER = "Spark Shanghai iOS";
				SWIFT_OBJC_BRIDGING_HEADER = "ScrollViewTest/ScrollViewTest-Bridging-Header.h";
				SWIFT_VERSION = 4.0;
				TARGETED_DEVICE_FAMILY = "1,2";
			};
			name = Release;
		};
/* End XCBuildConfiguration section */

/* Begin XCConfigurationList section */
		AA83DEF520DCCB0D00689412 /* Build configuration list for PBXProject "ScrollViewTest" */ = {
			isa = XCConfigurationList;
			buildConfigurations = (
				AA83DF0E20DCCB0F00689412 /* Debug */,
				AA83DF0F20DCCB0F00689412 /* Release */,
			);
			defaultConfigurationIsVisible = 0;
			defaultConfigurationName = Release;
		};
		AA83DF1020DCCB0F00689412 /* Build configuration list for PBXNativeTarget "ScrollViewTest" */ = {
			isa = XCConfigurationList;
			buildConfigurations = (
				AA83DF1120DCCB0F00689412 /* Debug */,
				AA83DF1220DCCB0F00689412 /* Release */,
			);
			defaultConfigurationIsVisible = 0;
			defaultConfigurationName = Release;
		};
/* End XCConfigurationList section */
	};
	rootObject = AA83DEF220DCCB0D00689412 /* Project object */;
}
